
Microsoft Visual Studio Solution File, Format Version 12.00
# Visual Studio 15
VisualStudioVersion = 15.0.28010.2016
MinimumVisualStudioVersion = 10.0.40219.1
Project("{8BC9CEB8-8B4A-11D0-8D11-00A0C91BC942}") = "epalme5_Assignment1_DrawingPolygons", "epalme5_Assignment1\epalme5_Assignment1.vcxproj", "{5B72D8F2-FA64-4D5F-ADCA-27578F163AE9}"
EndProject
Project("{8BC9CEB8-8B4A-11D0-8D11-00A0C91BC942}") = "epalme5_Assignment0_SampleGLUT", "..\Assignment0\SampleGLUT\SampleGLUT.vcxproj", "{C9F01FDC-CA85-464F-892E-507CFCE4D4BE}"
EndProject
Project("{8BC9CEB8-8B4A-11D0-8D11-00A0C91BC942}") = "epalme5_Assignment2_Matrices_ViewVol_Clipping", "epalme5_assignment2\epalme5_assignment2.vcxproj", "{97EDE3B0-683C-444C-8995-5FE13BBD8B8F}"
EndProject
Project("{8BC9CEB8-8B4A-11D0-8D11-00A0C91BC942}") = "ViewVol_Sample", "ViewVol_Sample\ViewVol_Sample.vcxproj", "{7D814378-7168-4216-A07B-B0064DCA83AA}"
EndProject
Global
	GlobalSection(SolutionConfigurationPlatforms) = preSolution
		Debug|x64 = Debug|x64
		Debug|x86 = Debug|x86
		Release|x64 = Release|x64
		Release|x86 = Release|x86
	EndGlobalSection
	GlobalSection(ProjectConfigurationPlatforms) = postSolution
		{5B72D8F2-FA64-4D5F-ADCA-27578F163AE9}.Debug|x64.ActiveCfg = Debug|x64
		{5B72D8F2-FA64-4D5F-ADCA-27578F163AE9}.Debug|x64.Build.0 = Debug|x64
		{5B72D8F2-FA64-4D5F-ADCA-27578F163AE9}.Debug|x86.ActiveCfg = Debug|Win32
		{5B72D8F2-FA64-4D5F-ADCA-27578F163AE9}.Debug|x86.Build.0 = Debug|Win32
		{5B72D8F2-FA64-4D5F-ADCA-27578F163AE9}.Release|x64.ActiveCfg = Release|x64
		{5B72D8F2-FA64-4D5F-ADCA-27578F163AE9}.Release|x64.Build.0 = Release|x64
		{5B72D8F2-FA64-4D5F-ADCA-27578F163AE9}.Release|x86.ActiveCfg = Release|Win32
		{5B72D8F2-FA64-4D5F-ADCA-27578F163AE9}.Release|x86.Build.0 = Release|Win32
		{C9F01FDC-CA85-464F-892E-507CFCE4D4BE}.Debug|x64.ActiveCfg = Debug|x64
		{C9F01FDC-CA85-464F-892E-507CFCE4D4BE}.Debug|x64.Build.0 = Debug|x64
		{C9F01FDC-CA85-464F-892E-507CFCE4D4BE}.Debug|x86.ActiveCfg = Debug|Win32
		{C9F01FDC-CA85-464F-892E-507CFCE4D4BE}.Debug|x86.Build.0 = Debug|Win32
		{C9F01FDC-CA85-464F-892E-507CFCE4D4BE}.Release|x64.ActiveCfg = Release|x64
		{C9F01FDC-CA85-464F-892E-507CFCE4D4BE}.Release|x64.Build.0 = Release|x64
		{C9F01FDC-CA85-464F-892E-507CFCE4D4BE}.Release|x86.ActiveCfg = Release|Win32
		{C9F01FDC-CA85-464F-892E-507CFCE4D4BE}.Release|x86.Build.0 = Release|Win32
		{97EDE3B0-683C-444C-8995-5FE13BBD8B8F}.Debug|x64.ActiveCfg = Debug|x64
		{97EDE3B0-683C-444C-8995-5FE13BBD8B8F}.Debug|x64.Build.0 = Debug|x64
		{97EDE3B0-683C-444C-8995-5FE13BBD8B8F}.Debug|x86.ActiveCfg = Debug|Win32
		{97EDE3B0-683C-444C-8995-5FE13BBD8B8F}.Debug|x86.Build.0 = Debug|Win32
		{97EDE3B0-683C-444C-8995-5FE13BBD8B8F}.Release|x64.ActiveCfg = Release|x64
		{97EDE3B0-683C-444C-8995-5FE13BBD8B8F}.Release|x64.Build.0 = Release|x64
		{97EDE3B0-683C-444C-8995-5FE13BBD8B8F}.Release|x86.ActiveCfg = Release|Win32
		{97EDE3B0-683C-444C-8995-5FE13BBD8B8F}.Release|x86.Build.0 = Release|Win32
		{7D814378-7168-4216-A07B-B0064DCA83AA}.Debug|x64.ActiveCfg = Debug|x64
		{7D814378-7168-4216-A07B-B0064DCA83AA}.Debug|x64.Build.0 = Debug|x64
		{7D814378-7168-4216-A07B-B0064DCA83AA}.Debug|x86.ActiveCfg = Debug|Win32
		{7D814378-7168-4216-A07B-B0064DCA83AA}.Debug|x86.Build.0 = Debug|Win32
		{7D814378-7168-4216-A07B-B0064DCA83AA}.Release|x64.ActiveCfg = Release|x64
		{7D814378-7168-4216-A07B-B0064DCA83AA}.Release|x64.Build.0 = Release|x64
		{7D814378-7168-4216-A07B-B0064DCA83AA}.Release|x86.ActiveCfg = Release|Win32
		{7D814378-7168-4216-A07B-B0064DCA83AA}.Release|x86.Build.0 = Release|Win32
	EndGlobalSection
	GlobalSection(SolutionProperties) = preSolution
		HideSolutionNode = FALSE
	EndGlobalSection
	GlobalSection(ExtensibilityGlobals) = postSolution
		SolutionGuid = {8B8ED37B-F4F7-4D35-82F8-33AFDDFF8366}
	EndGlobalSection
EndGlobal
